
Microsoft Visual Studio Solution File, Format Version 12.00
# Visual Studio Version 17
VisualStudioVersion = 17.1.32421.90
MinimumVisualStudioVersion = 10.0.40219.1
Project("{FAE04EC0-301F-11D3-BF4B-00C04F79EFBC}") = "loginApp", "loginApp.csproj", "{6894DF30-56AC-471A-B89B-B9AD15B215B9}"
EndProject
Global
	GlobalSection(SolutionConfigurationPlatforms) = preSolution
		Debug|Any CPU = Debug|Any CPU
		Release|Any CPU = Release|Any CPU
	EndGlobalSection
	GlobalSection(ProjectConfigurationPlatforms) = postSolution
		{6894DF30-56AC-471A-B89B-B9AD15B215B9}.Debug|Any CPU.ActiveCfg = Debug|Any CPU
		{6894DF30-56AC-471A-B89B-B9AD15B215B9}.Debug|Any CPU.Build.0 = Debug|Any CPU
		{6894DF30-56AC-471A-B89B-B9AD15B215B9}.Release|Any CPU.ActiveCfg = Release|Any CPU
		{6894DF30-56AC-471A-B89B-B9AD15B215B9}.Release|Any CPU.Build.0 = Release|Any CPU
	EndGlobalSection
	GlobalSection(SolutionProperties) = preSolution
		HideSolutionNode = FALSE
	EndGlobalSection
	GlobalSection(ExtensibilityGlobals) = postSolution
		SolutionGuid = {645B9702-13B5-4AB9-AB5E-A58A3B5CA6CC}
	EndGlobalSection
EndGlobal
